
Microsoft Visual Studio Solution File, Format Version 12.00
# Visual Studio 15
VisualStudioVersion = 15.0.27703.2026
MinimumVisualStudioVersion = 10.0.40219.1
Project("{FAE04EC0-301F-11D3-BF4B-00C04F79EFBC}") = "SEcoursework", "SEcoursework.csproj", "{755C2A89-5A2A-4F61-9420-0F83AD876685}"
EndProject
Global
	GlobalSection(SolutionConfigurationPlatforms) = preSolution
		Debug|Any CPU = Debug|Any CPU
		Release|Any CPU = Release|Any CPU
	EndGlobalSection
	GlobalSection(ProjectConfigurationPlatforms) = postSolution
		{755C2A89-5A2A-4F61-9420-0F83AD876685}.Debug|Any CPU.ActiveCfg = Debug|Any CPU
		{755C2A89-5A2A-4F61-9420-0F83AD876685}.Debug|Any CPU.Build.0 = Debug|Any CPU
		{755C2A89-5A2A-4F61-9420-0F83AD876685}.Release|Any CPU.ActiveCfg = Release|Any CPU
		{755C2A89-5A2A-4F61-9420-0F83AD876685}.Release|Any CPU.Build.0 = Release|Any CPU
	EndGlobalSection
	GlobalSection(SolutionProperties) = preSolution
		HideSolutionNode = FALSE
	EndGlobalSection
	GlobalSection(ExtensibilityGlobals) = postSolution
		SolutionGuid = {01739C27-8191-40FE-8B09-A27292F08371}
	EndGlobalSection
EndGlobal
